
Microsoft Visual Studio Solution File, Format Version 12.00
# Visual Studio Version 16
VisualStudioVersion = 16.0.31729.503
MinimumVisualStudioVersion = 10.0.40219.1
Project("{FAE04EC0-301F-11D3-BF4B-00C04F79EFBC}") = "BookstoreManagement", "BookstoreManagement\BookstoreManagement.csproj", "{A2B0834D-0F46-44FE-AEE3-CE05FBA6CF15}"
EndProject
Global
	GlobalSection(SolutionConfigurationPlatforms) = preSolution
		Debug|Any CPU = Debug|Any CPU
		Release|Any CPU = Release|Any CPU
	EndGlobalSection
	GlobalSection(ProjectConfigurationPlatforms) = postSolution
		{A2B0834D-0F46-44FE-AEE3-CE05FBA6CF15}.Debug|Any CPU.ActiveCfg = Debug|Any CPU
		{A2B0834D-0F46-44FE-AEE3-CE05FBA6CF15}.Debug|Any CPU.Build.0 = Debug|Any CPU
		{A2B0834D-0F46-44FE-AEE3-CE05FBA6CF15}.Release|Any CPU.ActiveCfg = Release|Any CPU
		{A2B0834D-0F46-44FE-AEE3-CE05FBA6CF15}.Release|Any CPU.Build.0 = Release|Any CPU
	EndGlobalSection
	GlobalSection(SolutionProperties) = preSolution
		HideSolutionNode = FALSE
	EndGlobalSection
	GlobalSection(ExtensibilityGlobals) = postSolution
		SolutionGuid = {FCEC579C-BD81-4BA1-9ED7-245BB529D835}
	EndGlobalSection
EndGlobal
